
Microsoft Visual Studio Solution File, Format Version 12.00
# Visual Studio Version 17
VisualStudioVersion = 17.8.34511.84
MinimumVisualStudioVersion = 10.0.40219.1
Project("{FAE04EC0-301F-11D3-BF4B-00C04F79EFBC}") = "SysPracticaJWT", "SysPracticaJWT\SysPracticaJWT.csproj", "{4AE8B557-30AA-471A-B399-FB56CC63BE48}"
EndProject
Global
	GlobalSection(SolutionConfigurationPlatforms) = preSolution
		Debug|Any CPU = Debug|Any CPU
		Release|Any CPU = Release|Any CPU
	EndGlobalSection
	GlobalSection(ProjectConfigurationPlatforms) = postSolution
		{4AE8B557-30AA-471A-B399-FB56CC63BE48}.Debug|Any CPU.ActiveCfg = Debug|Any CPU
		{4AE8B557-30AA-471A-B399-FB56CC63BE48}.Debug|Any CPU.Build.0 = Debug|Any CPU
		{4AE8B557-30AA-471A-B399-FB56CC63BE48}.Release|Any CPU.ActiveCfg = Release|Any CPU
		{4AE8B557-30AA-471A-B399-FB56CC63BE48}.Release|Any CPU.Build.0 = Release|Any CPU
	EndGlobalSection
	GlobalSection(SolutionProperties) = preSolution
		HideSolutionNode = FALSE
	EndGlobalSection
	GlobalSection(ExtensibilityGlobals) = postSolution
		SolutionGuid = {8945CABC-9001-4883-AF5C-D54163A6AF1A}
	EndGlobalSection
EndGlobal
